
Microsoft Visual Studio Solution File, Format Version 12.00
# Visual Studio Version 17
VisualStudioVersion = 17.3.32929.385
MinimumVisualStudioVersion = 10.0.40219.1
Project("{9A19103F-16F7-4668-BE54-9A1E7A4F7556}") = "AlgorithmsPractice", "AlgorithmsPractice\AlgorithmsPractice.csproj", "{0B9941A8-2E66-407E-9E19-A78E3FB328AA}"
EndProject
Project("{FAE04EC0-301F-11D3-BF4B-00C04F79EFBC}") = "azure-openai-quickstart", "..\LLM Practice\azure-openai-quickstart\azure-openai-quickstart.csproj", "{C71BBF82-8ADF-4500-80B7-731C033CC24A}"
EndProject
Global
	GlobalSection(SolutionConfigurationPlatforms) = preSolution
		Debug|Any CPU = Debug|Any CPU
		Release|Any CPU = Release|Any CPU
	EndGlobalSection
	GlobalSection(ProjectConfigurationPlatforms) = postSolution
		{0B9941A8-2E66-407E-9E19-A78E3FB328AA}.Debug|Any CPU.ActiveCfg = Debug|Any CPU
		{0B9941A8-2E66-407E-9E19-A78E3FB328AA}.Debug|Any CPU.Build.0 = Debug|Any CPU
		{0B9941A8-2E66-407E-9E19-A78E3FB328AA}.Release|Any CPU.ActiveCfg = Release|Any CPU
		{0B9941A8-2E66-407E-9E19-A78E3FB328AA}.Release|Any CPU.Build.0 = Release|Any CPU
		{C71BBF82-8ADF-4500-80B7-731C033CC24A}.Debug|Any CPU.ActiveCfg = Debug|Any CPU
		{C71BBF82-8ADF-4500-80B7-731C033CC24A}.Debug|Any CPU.Build.0 = Debug|Any CPU
		{C71BBF82-8ADF-4500-80B7-731C033CC24A}.Release|Any CPU.ActiveCfg = Release|Any CPU
		{C71BBF82-8ADF-4500-80B7-731C033CC24A}.Release|Any CPU.Build.0 = Release|Any CPU
	EndGlobalSection
	GlobalSection(SolutionProperties) = preSolution
		HideSolutionNode = FALSE
	EndGlobalSection
	GlobalSection(ExtensibilityGlobals) = postSolution
		SolutionGuid = {9475EAAE-3B0E-4DC7-9A28-933F84F2D398}
	EndGlobalSection
EndGlobal
